// !$*UTF8*$!
{
	archiveVersion = 1;
	classes = {
	};
	objectVersion = 56;
	objects = {

/* Begin PBXBuildFile section */
		B984EDA42A7BA8B9001C90E8 /* AppDelegate.m in Sources */ = {isa = PBXBuildFile; fileRef = B984EDA32A7BA8B9001C90E8 /* AppDelegate.m */; };
		B984EDA72A7BA8B9001C90E8 /* SceneDelegate.m in Sources */ = {isa = PBXBuildFile; fileRef = B984EDA62A7BA8B9001C90E8 /* SceneDelegate.m */; };
		B984EDAA2A7BA8B9001C90E8 /* ViewController.m in Sources */ = {isa = PBXBuildFile; fileRef = B984EDA92A7BA8B9001C90E8 /* ViewController.m */; };
		B984EDAD2A7BA8B9001C90E8 /* Main.storyboard in Resources */ = {isa = PBXBuildFile; fileRef = B984EDAB2A7BA8B9001C90E8 /* Main.storyboard */; };
		B984EDB02A7BA8B9001C90E8 /* GCD_Timer.xcdatamodeld in Sources */ = {isa = PBXBuildFile; fileRef = B984EDAE2A7BA8B9001C90E8 /* GCD_Timer.xcdatamodeld */; };
		B984EDB22A7BA8BB001C90E8 /* Assets.xcassets in Resources */ = {isa = PBXBuildFile; fileRef = B984EDB12A7BA8BB001C90E8 /* Assets.xcassets */; };
		B984EDB52A7BA8BB001C90E8 /* LaunchScreen.storyboard in Resources */ = {isa = PBXBuildFile; fileRef = B984EDB32A7BA8BB001C90E8 /* LaunchScreen.storyboard */; };
		B984EDB82A7BA8BB001C90E8 /* main.m in Sources */ = {isa = PBXBuildFile; fileRef = B984EDB72A7BA8BB001C90E8 /* main.m */; };
		B984EDC22A7BA8BB001C90E8 /* GCD_TimerTests.m in Sources */ = {isa = PBXBuildFile; fileRef = B984EDC12A7BA8BB001C90E8 /* GCD_TimerTests.m */; };
		B984EDCC2A7BA8BB001C90E8 /* GCD_TimerUITests.m in Sources */ = {isa = PBXBuildFile; fileRef = B984EDCB2A7BA8BB001C90E8 /* GCD_TimerUITests.m */; };
		B984EDCE2A7BA8BB001C90E8 /* GCD_TimerUITestsLaunchTests.m in Sources */ = {isa = PBXBuildFile; fileRef = B984EDCD2A7BA8BB001C90E8 /* GCD_TimerUITestsLaunchTests.m */; };
		B984EDDC2A7BA915001C90E8 /* MyTimer.m in Sources */ = {isa = PBXBuildFile; fileRef = B984EDDB2A7BA915001C90E8 /* MyTimer.m */; };
/* End PBXBuildFile section */

/* Begin PBXContainerItemProxy section */
		B984EDBE2A7BA8BB001C90E8 /* PBXContainerItemProxy */ = {
			isa = PBXContainerItemProxy;
			containerPortal = B984ED972A7BA8B9001C90E8 /* Project object */;
			proxyType = 1;
			remoteGlobalIDString = B984ED9E2A7BA8B9001C90E8;
			remoteInfo = "GCD-Timer";
		};
		B984EDC82A7BA8BB001C90E8 /* PBXContainerItemProxy */ = {
			isa = PBXContainerItemProxy;
			containerPortal = B984ED972A7BA8B9001C90E8 /* Project object */;
			proxyType = 1;
			remoteGlobalIDString = B984ED9E2A7BA8B9001C90E8;
			remoteInfo = "GCD-Timer";
		};
/* End PBXContainerItemProxy section */

/* Begin PBXFileReference section */
		B984ED9F2A7BA8B9001C90E8 /* GCD-Timer.app */ = {isa = PBXFileReference; explicitFileType = wrapper.application; includeInIndex = 0; path = "GCD-Timer.app"; sourceTree = BUILT_PRODUCTS_DIR; };
		B984EDA22A7BA8B9001C90E8 /* AppDelegate.h */ = {isa = PBXFileReference; lastKnownFileType = sourcecode.c.h; path = AppDelegate.h; sourceTree = "<group>"; };
		B984EDA32A7BA8B9001C90E8 /* AppDelegate.m */ = {isa = PBXFileReference; lastKnownFileType = sourcecode.c.objc; path = AppDelegate.m; sourceTree = "<group>"; };
		B984EDA52A7BA8B9001C90E8 /* SceneDelegate.h */ = {isa = PBXFileReference; lastKnownFileType = sourcecode.c.h; path = SceneDelegate.h; sourceTree = "<group>"; };
		B984EDA62A7BA8B9001C90E8 /* SceneDelegate.m */ = {isa = PBXFileReference; lastKnownFileType = sourcecode.c.objc; path = SceneDelegate.m; sourceTree = "<group>"; };
		B984EDA82A7BA8B9001C90E8 /* ViewController.h */ = {isa = PBXFileReference; lastKnownFileType = sourcecode.c.h; path = ViewController.h; sourceTree = "<group>"; };
		B984EDA92A7BA8B9001C90E8 /* ViewController.m */ = {isa = PBXFileReference; lastKnownFileType = sourcecode.c.objc; path = ViewController.m; sourceTree = "<group>"; };
		B984EDAC2A7BA8B9001C90E8 /* Base */ = {isa = PBXFileReference; lastKnownFileType = file.storyboard; name = Base; path = Base.lproj/Main.storyboard; sourceTree = "<group>"; };
		B984EDAF2A7BA8B9001C90E8 /* GCD_Timer.xcdatamodel */ = {isa = PBXFileReference; lastKnownFileType = wrapper.xcdatamodel; path = GCD_Timer.xcdatamodel; sourceTree = "<group>"; };
		B984EDB12A7BA8BB001C90E8 /* Assets.xcassets */ = {isa = PBXFileReference; lastKnownFileType = folder.assetcatalog; path = Assets.xcassets; sourceTree = "<group>"; };
		B984EDB42A7BA8BB001C90E8 /* Base */ = {isa = PBXFileReference; lastKnownFileType = file.storyboard; name = Base; path = Base.lproj/LaunchScreen.storyboard; sourceTree = "<group>"; };
		B984EDB62A7BA8BB001C90E8 /* Info.plist */ = {isa = PBXFileReference; lastKnownFileType = text.plist.xml; path = Info.plist; sourceTree = "<group>"; };
		B984EDB72A7BA8BB001C90E8 /* main.m */ = {isa = PBXFileReference; lastKnownFileType = sourcecode.c.objc; path = main.m; sourceTree = "<group>"; };
		B984EDBD2A7BA8BB001C90E8 /* GCD-TimerTests.xctest */ = {isa = PBXFileReference; explicitFileType = wrapper.cfbundle; includeInIndex = 0; path = "GCD-TimerTests.xctest"; sourceTree = BUILT_PRODUCTS_DIR; };
		B984EDC12A7BA8BB001C90E8 /* GCD_TimerTests.m */ = {isa = PBXFileReference; lastKnownFileType = sourcecode.c.objc; path = GCD_TimerTests.m; sourceTree = "<group>"; };
		B984EDC72A7BA8BB001C90E8 /* GCD-TimerUITests.xctest */ = {isa = PBXFileReference; explicitFileType = wrapper.cfbundle; includeInIndex = 0; path = "GCD-TimerUITests.xctest"; sourceTree = BUILT_PRODUCTS_DIR; };
		B984EDCB2A7BA8BB001C90E8 /* GCD_TimerUITests.m */ = {isa = PBXFileReference; lastKnownFileType = sourcecode.c.objc; path = GCD_TimerUITests.m; sourceTree = "<group>"; };
		B984EDCD2A7BA8BB001C90E8 /* GCD_TimerUITestsLaunchTests.m */ = {isa = PBXFileReference; lastKnownFileType = sourcecode.c.objc; path = GCD_TimerUITestsLaunchTests.m; sourceTree = "<group>"; };
		B984EDDA2A7BA915001C90E8 /* MyTimer.h */ = {isa = PBXFileReference; lastKnownFileType = sourcecode.c.h; path = MyTimer.h; sourceTree = "<group>"; };
		B984EDDB2A7BA915001C90E8 /* MyTimer.m */ = {isa = PBXFileReference; lastKnownFileType = sourcecode.c.objc; path = MyTimer.m; sourceTree = "<group>"; };
/* End PBXFileReference section */

/* Begin PBXFrameworksBuildPhase section */
		B984ED9C2A7BA8B9001C90E8 /* Frameworks */ = {
			isa = PBXFrameworksBuildPhase;
			buildActionMask = 2147483647;
			files = (
			);
			runOnlyForDeploymentPostprocessing = 0;
		};
		B984EDBA2A7BA8BB001C90E8 /* Frameworks */ = {
			isa = PBXFrameworksBuildPhase;
			buildActionMask = 2147483647;
			files = (
			);
			runOnlyForDeploymentPostprocessing = 0;
		};
		B984EDC42A7BA8BB001C90E8 /* Frameworks */ = {
			isa = PBXFrameworksBuildPhase;
			buildActionMask = 2147483647;
			files = (
			);
			runOnlyForDeploymentPostprocessing = 0;
		};
/* End PBXFrameworksBuildPhase section */

/* Begin PBXGroup section */
		B984ED962A7BA8B9001C90E8 = {
			isa = PBXGroup;
			children = (
				B984EDA12A7BA8B9001C90E8 /* GCD-Timer */,
				B984EDC02A7BA8BB001C90E8 /* GCD-TimerTests */,
				B984EDCA2A7BA8BB001C90E8 /* GCD-TimerUITests */,
				B984EDA02A7BA8B9001C90E8 /* Products */,
			);
			sourceTree = "<group>";
		};
		B984EDA02A7BA8B9001C90E8 /* Products */ = {
			isa = PBXGroup;
			children = (
				B984ED9F2A7BA8B9001C90E8 /* GCD-Timer.app */,
				B984EDBD2A7BA8BB001C90E8 /* GCD-TimerTests.xctest */,
				B984EDC72A7BA8BB001C90E8 /* GCD-TimerUITests.xctest */,
			);
			name = Products;
			sourceTree = "<group>";
		};
		B984EDA12A7BA8B9001C90E8 /* GCD-Timer */ = {
			isa = PBXGroup;
			children = (
				B984EDA22A7BA8B9001C90E8 /* AppDelegate.h */,
				B984EDA32A7BA8B9001C90E8 /* AppDelegate.m */,
				B984EDA52A7BA8B9001C90E8 /* SceneDelegate.h */,
				B984EDA62A7BA8B9001C90E8 /* SceneDelegate.m */,
				B984EDA82A7BA8B9001C90E8 /* ViewController.h */,
				B984EDA92A7BA8B9001C90E8 /* ViewController.m */,
				B984EDDA2A7BA915001C90E8 /* MyTimer.h */,
				B984EDDB2A7BA915001C90E8 /* MyTimer.m */,
				B984EDAB2A7BA8B9001C90E8 /* Main.storyboard */,
				B984EDB12A7BA8BB001C90E8 /* Assets.xcassets */,
				B984EDB32A7BA8BB001C90E8 /* LaunchScreen.storyboard */,
				B984EDB62A7BA8BB001C90E8 /* Info.plist */,
				B984EDB72A7BA8BB001C90E8 /* main.m */,
				B984EDAE2A7BA8B9001C90E8 /* GCD_Timer.xcdatamodeld */,
			);
			path = "GCD-Timer";
			sourceTree = "<group>";
		};
		B984EDC02A7BA8BB001C90E8 /* GCD-TimerTests */ = {
			isa = PBXGroup;
			children = (
				B984EDC12A7BA8BB001C90E8 /* GCD_TimerTests.m */,
			);
			path = "GCD-TimerTests";
			sourceTree = "<group>";
		};
		B984EDCA2A7BA8BB001C90E8 /* GCD-TimerUITests */ = {
			isa = PBXGroup;
			children = (
				B984EDCB2A7BA8BB001C90E8 /* GCD_TimerUITests.m */,
				B984EDCD2A7BA8BB001C90E8 /* GCD_TimerUITestsLaunchTests.m */,
			);
			path = "GCD-TimerUITests";
			sourceTree = "<group>";
		};
/* End PBXGroup section */

/* Begin PBXNativeTarget section */
		B984ED9E2A7BA8B9001C90E8 /* GCD-Timer */ = {
			isa = PBXNativeTarget;
			buildConfigurationList = B984EDD12A7BA8BB001C90E8 /* Build configuration list for PBXNativeTarget "GCD-Timer" */;
			buildPhases = (
				B984ED9B2A7BA8B9001C90E8 /* Sources */,
				B984ED9C2A7BA8B9001C90E8 /* Frameworks */,
				B984ED9D2A7BA8B9001C90E8 /* Resources */,
			);
			buildRules = (
			);
			dependencies = (
			);
			name = "GCD-Timer";
			productName = "GCD-Timer";
			productReference = B984ED9F2A7BA8B9001C90E8 /* GCD-Timer.app */;
			productType = "com.apple.product-type.application";
		};
		B984EDBC2A7BA8BB001C90E8 /* GCD-TimerTests */ = {
			isa = PBXNativeTarget;
			buildConfigurationList = B984EDD42A7BA8BB001C90E8 /* Build configuration list for PBXNativeTarget "GCD-TimerTests" */;
			buildPhases = (
				B984EDB92A7BA8BB001C90E8 /* Sources */,
				B984EDBA2A7BA8BB001C90E8 /* Frameworks */,
				B984EDBB2A7BA8BB001C90E8 /* Resources */,
			);
			buildRules = (
			);
			dependencies = (
				B984EDBF2A7BA8BB001C90E8 /* PBXTargetDependency */,
			);
			name = "GCD-TimerTests";
			productName = "GCD-TimerTests";
			productReference = B984EDBD2A7BA8BB001C90E8 /* GCD-TimerTests.xctest */;
			productType = "com.apple.product-type.bundle.unit-test";
		};
		B984EDC62A7BA8BB001C90E8 /* GCD-TimerUITests */ = {
			isa = PBXNativeTarget;
			buildConfigurationList = B984EDD72A7BA8BB001C90E8 /* Build configuration list for PBXNativeTarget "GCD-TimerUITests" */;
			buildPhases = (
				B984EDC32A7BA8BB001C90E8 /* Sources */,
				B984EDC42A7BA8BB001C90E8 /* Frameworks */,
				B984EDC52A7BA8BB001C90E8 /* Resources */,
			);
			buildRules = (
			);
			dependencies = (
				B984EDC92A7BA8BB001C90E8 /* PBXTargetDependency */,
			);
			name = "GCD-TimerUITests";
			productName = "GCD-TimerUITests";
			productReference = B984EDC72A7BA8BB001C90E8 /* GCD-TimerUITests.xctest */;
			productType = "com.apple.product-type.bundle.ui-testing";
		};
/* End PBXNativeTarget section */

/* Begin PBXProject section */
		B984ED972A7BA8B9001C90E8 /* Project object */ = {
			isa = PBXProject;
			attributes = {
				BuildIndependentTargetsInParallel = 1;
				LastUpgradeCheck = 1430;
				TargetAttributes = {
					B984ED9E2A7BA8B9001C90E8 = {
						CreatedOnToolsVersion = 14.3.1;
					};
					B984EDBC2A7BA8BB001C90E8 = {
						CreatedOnToolsVersion = 14.3.1;
						TestTargetID = B984ED9E2A7BA8B9001C90E8;
					};
					B984EDC62A7BA8BB001C90E8 = {
						CreatedOnToolsVersion = 14.3.1;
						TestTargetID = B984ED9E2A7BA8B9001C90E8;
					};
				};
			};
			buildConfigurationList = B984ED9A2A7BA8B9001C90E8 /* Build configuration list for PBXProject "GCD-Timer" */;
			compatibilityVersion = "Xcode 14.0";
			developmentRegion = en;
			hasScannedForEncodings = 0;
			knownRegions = (
				en,
				Base,
			);
			mainGroup = B984ED962A7BA8B9001C90E8;
			productRefGroup = B984EDA02A7BA8B9001C90E8 /* Products */;
			projectDirPath = "";
			projectRoot = "";
			targets = (
				B984ED9E2A7BA8B9001C90E8 /* GCD-Timer */,
				B984EDBC2A7BA8BB001C90E8 /* GCD-TimerTests */,
				B984EDC62A7BA8BB001C90E8 /* GCD-TimerUITests */,
			);
		};
/* End PBXProject section */

/* Begin PBXResourcesBuildPhase section */
		B984ED9D2A7BA8B9001C90E8 /* Resources */ = {
			isa = PBXResourcesBuildPhase;
			buildActionMask = 2147483647;
			files = (
				B984EDB52A7BA8BB001C90E8 /* LaunchScreen.storyboard in Resources */,
				B984EDB22A7BA8BB001C90E8 /* Assets.xcassets in Resources */,
				B984EDAD2A7BA8B9001C90E8 /* Main.storyboard in Resources */,
			);
			runOnlyForDeploymentPostprocessing = 0;
		};
		B984EDBB2A7BA8BB001C90E8 /* Resources */ = {
			isa = PBXResourcesBuildPhase;
			buildActionMask = 2147483647;
			files = (
			);
			runOnlyForDeploymentPostprocessing = 0;
		};
		B984EDC52A7BA8BB001C90E8 /* Resources */ = {
			isa = PBXResourcesBuildPhase;
			buildActionMask = 2147483647;
			files = (
			);
			runOnlyForDeploymentPostprocessing = 0;
		};
/* End PBXResourcesBuildPhase section */

/* Begin PBXSourcesBuildPhase section */
		B984ED9B2A7BA8B9001C90E8 /* Sources */ = {
			isa = PBXSourcesBuildPhase;
			buildActionMask = 2147483647;
			files = (
				B984EDB82A7BA8BB001C90E8 /* main.m in Sources */,
				B984EDB02A7BA8B9001C90E8 /* GCD_Timer.xcdatamodeld in Sources */,
				B984EDAA2A7BA8B9001C90E8 /* ViewController.m in Sources */,
				B984EDDC2A7BA915001C90E8 /* MyTimer.m in Sources */,
				B984EDA42A7BA8B9001C90E8 /* AppDelegate.m in Sources */,
				B984EDA72A7BA8B9001C90E8 /* SceneDelegate.m in Sources */,
			);
			runOnlyForDeploymentPostprocessing = 0;
		};
		B984EDB92A7BA8BB001C90E8 /* Sources */ = {
			isa = PBXSourcesBuildPhase;
			buildActionMask = 2147483647;
			files = (
				B984EDC22A7BA8BB001C90E8 /* GCD_TimerTests.m in Sources */,
			);
			runOnlyForDeploymentPostprocessing = 0;
		};
		B984EDC32A7BA8BB001C90E8 /* Sources */ = {
			isa = PBXSourcesBuildPhase;
			buildActionMask = 2147483647;
			files = (
				B984EDCC2A7BA8BB001C90E8 /* GCD_TimerUITests.m in Sources */,
				B984EDCE2A7BA8BB001C90E8 /* GCD_TimerUITestsLaunchTests.m in Sources */,
			);
			runOnlyForDeploymentPostprocessing = 0;
		};
/* End PBXSourcesBuildPhase section */

/* Begin PBXTargetDependency section */
		B984EDBF2A7BA8BB001C90E8 /* PBXTargetDependency */ = {
			isa = PBXTargetDependency;
			target = B984ED9E2A7BA8B9001C90E8 /* GCD-Timer */;
			targetProxy = B984EDBE2A7BA8BB001C90E8 /* PBXContainerItemProxy */;
		};
		B984EDC92A7BA8BB001C90E8 /* PBXTargetDependency */ = {
			isa = PBXTargetDependency;
			target = B984ED9E2A7BA8B9001C90E8 /* GCD-Timer */;
			targetProxy = B984EDC82A7BA8BB001C90E8 /* PBXContainerItemProxy */;
		};
/* End PBXTargetDependency section */

/* Begin PBXVariantGroup section */
		B984EDAB2A7BA8B9001C90E8 /* Main.storyboard */ = {
			isa = PBXVariantGroup;
			children = (
				B984EDAC2A7BA8B9001C90E8 /* Base */,
			);
			name = Main.storyboard;
			sourceTree = "<group>";
		};
		B984EDB32A7BA8BB001C90E8 /* LaunchScreen.storyboard */ = {
			isa = PBXVariantGroup;
			children = (
				B984EDB42A7BA8BB001C90E8 /* Base */,
			);
			name = LaunchScreen.storyboard;
			sourceTree = "<group>";
		};
/* End PBXVariantGroup section */

/* Begin XCBuildConfiguration section */
		B984EDCF2A7BA8BB001C90E8 /* Debug */ = {
			isa = XCBuildConfiguration;
			buildSettings = {
				ALWAYS_SEARCH_USER_PATHS = NO;
				CLANG_ANALYZER_NONNULL = YES;
				CLANG_ANALYZER_NUMBER_OBJECT_CONVERSION = YES_AGGRESSIVE;
				CLANG_CXX_LANGUAGE_STANDARD = "gnu++20";
				CLANG_ENABLE_MODULES = YES;
				CLANG_ENABLE_OBJC_ARC = YES;
				CLANG_ENABLE_OBJC_WEAK = YES;
				CLANG_WARN_BLOCK_CAPTURE_AUTORELEASING = YES;
				CLANG_WARN_BOOL_CONVERSION = YES;
				CLANG_WARN_COMMA = YES;
				CLANG_WARN_CONSTANT_CONVERSION = YES;
				CLANG_WARN_DEPRECATED_OBJC_IMPLEMENTATIONS = YES;
				CLANG_WARN_DIRECT_OBJC_ISA_USAGE = YES_ERROR;
				CLANG_WARN_DOCUMENTATION_COMMENTS = YES;
				CLANG_WARN_EMPTY_BODY = YES;
				CLANG_WARN_ENUM_CONVERSION = YES;
				CLANG_WARN_INFINITE_RECURSION = YES;
				CLANG_WARN_INT_CONVERSION = YES;
				CLANG_WARN_NON_LITERAL_NULL_CONVERSION = YES;
				CLANG_WARN_OBJC_IMPLICIT_RETAIN_SELF = YES;
				CLANG_WARN_OBJC_LITERAL_CONVERSION = YES;
				CLANG_WARN_OBJC_ROOT_CLASS = YES_ERROR;
				CLANG_WARN_QUOTED_INCLUDE_IN_FRAMEWORK_HEADER = YES;
				CLANG_WARN_RANGE_LOOP_ANALYSIS = YES;
				CLANG_WARN_STRICT_PROTOTYPES = YES;
				CLANG_WARN_SUSPICIOUS_MOVE = YES;
				CLANG_WARN_UNGUARDED_AVAILABILITY = YES_AGGRESSIVE;
				CLANG_WARN_UNREACHABLE_CODE = YES;
				CLANG_WARN__DUPLICATE_METHOD_MATCH = YES;
				COPY_PHASE_STRIP = NO;
				DEBUG_INFORMATION_FORMAT = dwarf;
				ENABLE_STRICT_OBJC_MSGSEND = YES;
				ENABLE_TESTABILITY = YES;
				GCC_C_LANGUAGE_STANDARD = gnu11;
				GCC_DYNAMIC_NO_PIC = NO;
				GCC_NO_COMMON_BLOCKS = YES;
				GCC_OPTIMIZATION_LEVEL = 0;
				GCC_PREPROCESSOR_DEFINITIONS = (
					"DEBUG=1",
					"$(inherited)",
				);
				GCC_WARN_64_TO_32_BIT_CONVERSION = YES;
				GCC_WARN_ABOUT_RETURN_TYPE = YES_ERROR;
				GCC_WARN_UNDECLARED_SELECTOR = YES;
				GCC_WARN_UNINITIALIZED_AUTOS = YES_AGGRESSIVE;
				GCC_WARN_UNUSED_FUNCTION = YES;
				GCC_WARN_UNUSED_VARIABLE = YES;
				IPHONEOS_DEPLOYMENT_TARGET = 16.4;
				MTL_ENABLE_DEBUG_INFO = INCLUDE_SOURCE;
				MTL_FAST_MATH = YES;
				ONLY_ACTIVE_ARCH = YES;
				SDKROOT = iphoneos;
			};
			name = Debug;
		};
		B984EDD02A7BA8BB001C90E8 /* Release */ = {
			isa = XCBuildConfiguration;
			buildSettings = {
				ALWAYS_SEARCH_USER_PATHS = NO;
				CLANG_ANALYZER_NONNULL = YES;
				CLANG_ANALYZER_NUMBER_OBJECT_CONVERSION = YES_AGGRESSIVE;
				CLANG_CXX_LANGUAGE_STANDARD = "gnu++20";
				CLANG_ENABLE_MODULES = YES;
				CLANG_ENABLE_OBJC_ARC = YES;
				CLANG_ENABLE_OBJC_WEAK = YES;
				CLANG_WARN_BLOCK_CAPTURE_AUTORELEASING = YES;
				CLANG_WARN_BOOL_CONVERSION = YES;
				CLANG_WARN_COMMA = YES;
				CLANG_WARN_CONSTANT_CONVERSION = YES;
				CLANG_WARN_DEPRECATED_OBJC_IMPLEMENTATIONS = YES;
				CLANG_WARN_DIRECT_OBJC_ISA_USAGE = YES_ERROR;
				CLANG_WARN_DOCUMENTATION_COMMENTS = YES;
				CLANG_WARN_EMPTY_BODY = YES;
				CLANG_WARN_ENUM_CONVERSION = YES;
				CLANG_WARN_INFINITE_RECURSION = YES;
				CLANG_WARN_INT_CONVERSION = YES;
				CLANG_WARN_NON_LITERAL_NULL_CONVERSION = YES;
				CLANG_WARN_OBJC_IMPLICIT_RETAIN_SELF = YES;
				CLANG_WARN_OBJC_LITERAL_CONVERSION = YES;
				CLANG_WARN_OBJC_ROOT_CLASS = YES_ERROR;
				CLANG_WARN_QUOTED_INCLUDE_IN_FRAMEWORK_HEADER = YES;
				CLANG_WARN_RANGE_LOOP_ANALYSIS = YES;
				CLANG_WARN_STRICT_PROTOTYPES = YES;
				CLANG_WARN_SUSPICIOUS_MOVE = YES;
				CLANG_WARN_UNGUARDED_AVAILABILITY = YES_AGGRESSIVE;
				CLANG_WARN_UNREACHABLE_CODE = YES;
				CLANG_WARN__DUPLICATE_METHOD_MATCH = YES;
				COPY_PHASE_STRIP = NO;
				DEBUG_INFORMATION_FORMAT = "dwarf-with-dsym";
				ENABLE_NS_ASSERTIONS = NO;
				ENABLE_STRICT_OBJC_MSGSEND = YES;
				GCC_C_LANGUAGE_STANDARD = gnu11;
				GCC_NO_COMMON_BLOCKS = YES;
				GCC_WARN_64_TO_32_BIT_CONVERSION = YES;
				GCC_WARN_ABOUT_RETURN_TYPE = YES_ERROR;
				GCC_WARN_UNDECLARED_SELECTOR = YES;
				GCC_WARN_UNINITIALIZED_AUTOS = YES_AGGRESSIVE;
				GCC_WARN_UNUSED_FUNCTION = YES;
				GCC_WARN_UNUSED_VARIABLE = YES;
				IPHONEOS_DEPLOYMENT_TARGET = 16.4;
				MTL_ENABLE_DEBUG_INFO = NO;
				MTL_FAST_MATH = YES;
				SDKROOT = iphoneos;
				VALIDATE_PRODUCT = YES;
			};
			name = Release;
		};
		B984EDD22A7BA8BB001C90E8 /* Debug */ = {
			isa = XCBuildConfiguration;
			buildSettings = {
				ASSETCATALOG_COMPILER_APPICON_NAME = AppIcon;
				ASSETCATALOG_COMPILER_GLOBAL_ACCENT_COLOR_NAME = AccentColor;
				CODE_SIGN_STYLE = Automatic;
				CURRENT_PROJECT_VERSION = 1;
				GENERATE_INFOPLIST_FILE = YES;
				INFOPLIST_FILE = "GCD-Timer/Info.plist";
				INFOPLIST_KEY_UIApplicationSupportsIndirectInputEvents = YES;
				INFOPLIST_KEY_UILaunchStoryboardName = LaunchScreen;
				INFOPLIST_KEY_UIMainStoryboardFile = Main;
				INFOPLIST_KEY_UISupportedInterfaceOrientations_iPad = "UIInterfaceOrientationPortrait UIInterfaceOrientationPortraitUpsideDown UIInterfaceOrientationLandscapeLeft UIInterfaceOrientationLandscapeRight";
				INFOPLIST_KEY_UISupportedInterfaceOrientations_iPhone = "UIInterfaceOrientationPortrait UIInterfaceOrientationLandscapeLeft UIInterfaceOrientationLandscapeRight";
				LD_RUNPATH_SEARCH_PATHS = (
					"$(inherited)",
					"@executable_path/Frameworks",
				);
				MARKETING_VERSION = 1.0;
				PRODUCT_BUNDLE_IDENTIFIER = "ttrg.GCD-Timer";
				PRODUCT_NAME = "$(TARGET_NAME)";
				SWIFT_EMIT_LOC_STRINGS = YES;
				TARGETED_DEVICE_FAMILY = "1,2";
			};
			name = Debug;
		};
		B984EDD32A7BA8BB001C90E8 /* Release */ = {
			isa = XCBuildConfiguration;
			buildSettings = {
				ASSETCATALOG_COMPILER_APPICON_NAME = AppIcon;
				ASSETCATALOG_COMPILER_GLOBAL_ACCENT_COLOR_NAME = AccentColor;
				CODE_SIGN_STYLE = Automatic;
				CURRENT_PROJECT_VERSION = 1;
				GENERATE_INFOPLIST_FILE = YES;
				INFOPLIST_FILE = "GCD-Timer/Info.plist";
				INFOPLIST_KEY_UIApplicationSupportsIndirectInputEvents = YES;
				INFOPLIST_KEY_UILaunchStoryboardName = LaunchScreen;
				INFOPLIST_KEY_UIMainStoryboardFile = Main;
				INFOPLIST_KEY_UISupportedInterfaceOrientations_iPad = "UIInterfaceOrientationPortrait UIInterfaceOrientationPortraitUpsideDown UIInterfaceOrientationLandscapeLeft UIInterfaceOrientationLandscapeRight";
				INFOPLIST_KEY_UISupportedInterfaceOrientations_iPhone = "UIInterfaceOrientationPortrait UIInterfaceOrientationLandscapeLeft UIInterfaceOrientationLandscapeRight";
				LD_RUNPATH_SEARCH_PATHS = (
					"$(inherited)",
					"@executable_path/Frameworks",
				);
				MARKETING_VERSION = 1.0;
				PRODUCT_BUNDLE_IDENTIFIER = "ttrg.GCD-Timer";
				PRODUCT_NAME = "$(TARGET_NAME)";
				SWIFT_EMIT_LOC_STRINGS = YES;
				TARGETED_DEVICE_FAMILY = "1,2";
			};
			name = Release;
		};
		B984EDD52A7BA8BB001C90E8 /* Debug */ = {
			isa = XCBuildConfiguration;
			buildSettings = {
				BUNDLE_LOADER = "$(TEST_HOST)";
				CODE_SIGN_STYLE = Automatic;
				CURRENT_PROJECT_VERSION = 1;
				GENERATE_INFOPLIST_FILE = YES;
				IPHONEOS_DEPLOYMENT_TARGET = 16.4;
				MARKETING_VERSION = 1.0;
				PRODUCT_BUNDLE_IDENTIFIER = "ttrg.GCD-TimerTests";
				PRODUCT_NAME = "$(TARGET_NAME)";
				SWIFT_EMIT_LOC_STRINGS = NO;
				TARGETED_DEVICE_FAMILY = "1,2";
				TEST_HOST = "$(BUILT_PRODUCTS_DIR)/GCD-Timer.app/$(BUNDLE_EXECUTABLE_FOLDER_PATH)/GCD-Timer";
			};
			name = Debug;
		};
		B984EDD62A7BA8BB001C90E8 /* Release */ = {
			isa = XCBuildConfiguration;
			buildSettings = {
				BUNDLE_LOADER = "$(TEST_HOST)";
				CODE_SIGN_STYLE = Automatic;
				CURRENT_PROJECT_VERSION = 1;
				GENERATE_INFOPLIST_FILE = YES;
				IPHONEOS_DEPLOYMENT_TARGET = 16.4;
				MARKETING_VERSION = 1.0;
				PRODUCT_BUNDLE_IDENTIFIER = "ttrg.GCD-TimerTests";
				PRODUCT_NAME = "$(TARGET_NAME)";
				SWIFT_EMIT_LOC_STRINGS = NO;
				TARGETED_DEVICE_FAMILY = "1,2";
				TEST_HOST = "$(BUILT_PRODUCTS_DIR)/GCD-Timer.app/$(BUNDLE_EXECUTABLE_FOLDER_PATH)/GCD-Timer";
			};
			name = Release;
		};
		B984EDD82A7BA8BB001C90E8 /* Debug */ = {
			isa = XCBuildConfiguration;
			buildSettings = {
				CODE_SIGN_STYLE = Automatic;
				CURRENT_PROJECT_VERSION = 1;
				GENERATE_INFOPLIST_FILE = YES;
				MARKETING_VERSION = 1.0;
				PRODUCT_BUNDLE_IDENTIFIER = "ttrg.GCD-TimerUITests";
				PRODUCT_NAME = "$(TARGET_NAME)";
				SWIFT_EMIT_LOC_STRINGS = NO;
				TARGETED_DEVICE_FAMILY = "1,2";
				TEST_TARGET_NAME = "GCD-Timer";
			};
			name = Debug;
		};
		B984EDD92A7BA8BB001C90E8 /* Release */ = {
			isa = XCBuildConfiguration;
			buildSettings = {
				CODE_SIGN_STYLE = Automatic;
				CURRENT_PROJECT_VERSION = 1;
				GENERATE_INFOPLIST_FILE = YES;
				MARKETING_VERSION = 1.0;
				PRODUCT_BUNDLE_IDENTIFIER = "ttrg.GCD-TimerUITests";
				PRODUCT_NAME = "$(TARGET_NAME)";
				SWIFT_EMIT_LOC_STRINGS = NO;
				TARGETED_DEVICE_FAMILY = "1,2";
				TEST_TARGET_NAME = "GCD-Timer";
			};
			name = Release;
		};
/* End XCBuildConfiguration section */

/* Begin XCConfigurationList section */
		B984ED9A2A7BA8B9001C90E8 /* Build configuration list for PBXProject "GCD-Timer" */ = {
			isa = XCConfigurationList;
			buildConfigurations = (
				B984EDCF2A7BA8BB001C90E8 /* Debug */,
				B984EDD02A7BA8BB001C90E8 /* Release */,
			);
			defaultConfigurationIsVisible = 0;
			defaultConfigurationName = Release;
		};
		B984EDD12A7BA8BB001C90E8 /* Build configuration list for PBXNativeTarget "GCD-Timer" */ = {
			isa = XCConfigurationList;
			buildConfigurations = (
				B984EDD22A7BA8BB001C90E8 /* Debug */,
				B984EDD32A7BA8BB001C90E8 /* Release */,
			);
			defaultConfigurationIsVisible = 0;
			defaultConfigurationName = Release;
		};
		B984EDD42A7BA8BB001C90E8 /* Build configuration list for PBXNativeTarget "GCD-TimerTests" */ = {
			isa = XCConfigurationList;
			buildConfigurations = (
				B984EDD52A7BA8BB001C90E8 /* Debug */,
				B984EDD62A7BA8BB001C90E8 /* Release */,
			);
			defaultConfigurationIsVisible = 0;
			defaultConfigurationName = Release;
		};
		B984EDD72A7BA8BB001C90E8 /* Build configuration list for PBXNativeTarget "GCD-TimerUITests" */ = {
			isa = XCConfigurationList;
			buildConfigurations = (
				B984EDD82A7BA8BB001C90E8 /* Debug */,
				B984EDD92A7BA8BB001C90E8 /* Release */,
			);
			defaultConfigurationIsVisible = 0;
			defaultConfigurationName = Release;
		};
/* End XCConfigurationList section */

/* Begin XCVersionGroup section */
		B984EDAE2A7BA8B9001C90E8 /* GCD_Timer.xcdatamodeld */ = {
			isa = XCVersionGroup;
			children = (
				B984EDAF2A7BA8B9001C90E8 /* GCD_Timer.xcdatamodel */,
			);
			currentVersion = B984EDAF2A7BA8B9001C90E8 /* GCD_Timer.xcdatamodel */;
			path = GCD_Timer.xcdatamodeld;
			sourceTree = "<group>";
			versionGroupType = wrapper.xcdatamodel;
		};
/* End XCVersionGroup section */
	};
	rootObject = B984ED972A7BA8B9001C90E8 /* Project object */;
}
